# This file was autogenerated by Stack.
# You should not edit this file by hand.
# For more information, please see the documentation at:
#   https://docs.haskellstack.org/en/stable/lock_files

packages:
- completed:
    hackage: h-raylib-5.5.0.0@sha256:2c6ef6f554ed8ed5269c38f472ee16e7e114651c1b14fbd5f432cc936ac26d7b,8581
    pantry-tree:
      sha256: dafa8cd680757713723b55c8bd193d9d37948c5cfebd8162af75f55c708c9f5b
      size: 31162
  original:
    hackage: h-raylib-5.5.0.0
snapshots:
- completed:
    sha256: 31a722458578b1f709b6fe098d9027bbb5c04b4430e7338a5e69707bd3990e5d
    size: 720019
    url: https://raw.githubusercontent.com/commercialhaskell/stackage-snapshots/master/lts/22/35.yaml
  original:
    url: https://raw.githubusercontent.com/commercialhaskell/stackage-snapshots/master/lts/22/35.yaml
